
Microsoft Visual Studio Solution File, Format Version 12.00
# Visual Studio Version 16
VisualStudioVersion = 16.0.29806.167
MinimumVisualStudioVersion = 10.0.40219.1
Project("{FAE04EC0-301F-11D3-BF4B-00C04F79EFBC}") = "MyList", "MyList\MyList.csproj", "{920E6529-C002-4572-9706-32214F51099A}"
EndProject
Global
	GlobalSection(SolutionConfigurationPlatforms) = preSolution
		Debug|Any CPU = Debug|Any CPU
		Release|Any CPU = Release|Any CPU
	EndGlobalSection
	GlobalSection(ProjectConfigurationPlatforms) = postSolution
		{920E6529-C002-4572-9706-32214F51099A}.Debug|Any CPU.ActiveCfg = Debug|Any CPU
		{920E6529-C002-4572-9706-32214F51099A}.Debug|Any CPU.Build.0 = Debug|Any CPU
		{920E6529-C002-4572-9706-32214F51099A}.Release|Any CPU.ActiveCfg = Release|Any CPU
		{920E6529-C002-4572-9706-32214F51099A}.Release|Any CPU.Build.0 = Release|Any CPU
	EndGlobalSection
	GlobalSection(SolutionProperties) = preSolution
		HideSolutionNode = FALSE
	EndGlobalSection
	GlobalSection(ExtensibilityGlobals) = postSolution
		SolutionGuid = {6DC4BC11-F810-4152-B1DF-BCC2D0A2585F}
	EndGlobalSection
EndGlobal
